
Microsoft Visual Studio Solution File, Format Version 11.00
# Visual Studio 2010
Project("{FAE04EC0-301F-11D3-BF4B-00C04F79EFBC}") = "AgudezaVisual", "Assembly-CSharp.csproj", "{2A6E5264-7248-6B11-1F3A-B7A627031350}"
EndProject
Project("{FAE04EC0-301F-11D3-BF4B-00C04F79EFBC}") = "AgudezaVisual", "Assembly-CSharp-Editor.csproj", "{B96136B7-ACD3-4899-7CF7-E60C9E6E2EA1}"
EndProject
Global
	GlobalSection(SolutionConfigurationPlatforms) = preSolution
		Debug|Any CPU = Debug|Any CPU
		Release|Any CPU = Release|Any CPU
	EndGlobalSection
	GlobalSection(ProjectConfigurationPlatforms) = postSolution
		{2A6E5264-7248-6B11-1F3A-B7A627031350}.Debug|Any CPU.ActiveCfg = Debug|Any CPU
		{2A6E5264-7248-6B11-1F3A-B7A627031350}.Debug|Any CPU.Build.0 = Debug|Any CPU
		{2A6E5264-7248-6B11-1F3A-B7A627031350}.Release|Any CPU.ActiveCfg = Release|Any CPU
		{2A6E5264-7248-6B11-1F3A-B7A627031350}.Release|Any CPU.Build.0 = Release|Any CPU
		{B96136B7-ACD3-4899-7CF7-E60C9E6E2EA1}.Debug|Any CPU.ActiveCfg = Debug|Any CPU
		{B96136B7-ACD3-4899-7CF7-E60C9E6E2EA1}.Debug|Any CPU.Build.0 = Debug|Any CPU
		{B96136B7-ACD3-4899-7CF7-E60C9E6E2EA1}.Release|Any CPU.ActiveCfg = Release|Any CPU
		{B96136B7-ACD3-4899-7CF7-E60C9E6E2EA1}.Release|Any CPU.Build.0 = Release|Any CPU
	EndGlobalSection
	GlobalSection(SolutionProperties) = preSolution
		HideSolutionNode = FALSE
	EndGlobalSection
	GlobalSection(MonoDevelopProperties) = preSolution
		StartupItem = Assembly-CSharp.csproj
	EndGlobalSection
EndGlobal
